
Microsoft Visual Studio Solution File, Format Version 12.00
# Visual Studio 15
VisualStudioVersion = 15.0.28307.645
MinimumVisualStudioVersion = 10.0.40219.1
Project("{8BC9CEB8-8B4A-11D0-8D11-00A0C91BC942}") = "CALL_COM", "src\CALL_COM\CALL_COM.vcxproj", "{C68B3402-26F2-4885-8318-5C29F009D2C0}"
EndProject
Project("{8BC9CEB8-8B4A-11D0-8D11-00A0C91BC942}") = "TagDll", "src\TagDll\TagDll.vcxproj", "{9580E06E-1EE3-4AEE-B10F-65ECD2ECC242}"
EndProject
Project("{8BC9CEB8-8B4A-11D0-8D11-00A0C91BC942}") = "ATLCallDll", "src\ATLCallDll\ATLCallDll.vcxproj", "{EA8E3C32-AD92-46AB-AD81-4283389652C6}"
EndProject
Project("{8BC9CEB8-8B4A-11D0-8D11-00A0C91BC942}") = "ATLCallDllPS", "src\ATLCallDllPS\ATLCallDllPS.vcxproj", "{47F50FFB-E2E4-41B9-892C-D18BCA484831}"
EndProject
Global
	GlobalSection(SolutionConfigurationPlatforms) = preSolution
		Debug|x64 = Debug|x64
		Debug|x86 = Debug|x86
		Release|x64 = Release|x64
		Release|x86 = Release|x86
	EndGlobalSection
	GlobalSection(ProjectConfigurationPlatforms) = postSolution
		{C68B3402-26F2-4885-8318-5C29F009D2C0}.Debug|x64.ActiveCfg = Debug|x64
		{C68B3402-26F2-4885-8318-5C29F009D2C0}.Debug|x64.Build.0 = Debug|x64
		{C68B3402-26F2-4885-8318-5C29F009D2C0}.Debug|x86.ActiveCfg = Debug|Win32
		{C68B3402-26F2-4885-8318-5C29F009D2C0}.Debug|x86.Build.0 = Debug|Win32
		{C68B3402-26F2-4885-8318-5C29F009D2C0}.Release|x64.ActiveCfg = Release|x64
		{C68B3402-26F2-4885-8318-5C29F009D2C0}.Release|x64.Build.0 = Release|x64
		{C68B3402-26F2-4885-8318-5C29F009D2C0}.Release|x86.ActiveCfg = Release|Win32
		{C68B3402-26F2-4885-8318-5C29F009D2C0}.Release|x86.Build.0 = Release|Win32
		{9580E06E-1EE3-4AEE-B10F-65ECD2ECC242}.Debug|x64.ActiveCfg = Debug|x64
		{9580E06E-1EE3-4AEE-B10F-65ECD2ECC242}.Debug|x64.Build.0 = Debug|x64
		{9580E06E-1EE3-4AEE-B10F-65ECD2ECC242}.Debug|x86.ActiveCfg = Debug|Win32
		{9580E06E-1EE3-4AEE-B10F-65ECD2ECC242}.Debug|x86.Build.0 = Debug|Win32
		{9580E06E-1EE3-4AEE-B10F-65ECD2ECC242}.Release|x64.ActiveCfg = Release|x64
		{9580E06E-1EE3-4AEE-B10F-65ECD2ECC242}.Release|x64.Build.0 = Release|x64
		{9580E06E-1EE3-4AEE-B10F-65ECD2ECC242}.Release|x86.ActiveCfg = Release|Win32
		{9580E06E-1EE3-4AEE-B10F-65ECD2ECC242}.Release|x86.Build.0 = Release|Win32
		{EA8E3C32-AD92-46AB-AD81-4283389652C6}.Debug|x64.ActiveCfg = Debug|x64
		{EA8E3C32-AD92-46AB-AD81-4283389652C6}.Debug|x64.Build.0 = Debug|x64
		{EA8E3C32-AD92-46AB-AD81-4283389652C6}.Debug|x86.ActiveCfg = Debug|Win32
		{EA8E3C32-AD92-46AB-AD81-4283389652C6}.Debug|x86.Build.0 = Debug|Win32
		{EA8E3C32-AD92-46AB-AD81-4283389652C6}.Release|x64.ActiveCfg = Release|x64
		{EA8E3C32-AD92-46AB-AD81-4283389652C6}.Release|x64.Build.0 = Release|x64
		{EA8E3C32-AD92-46AB-AD81-4283389652C6}.Release|x86.ActiveCfg = Release|Win32
		{EA8E3C32-AD92-46AB-AD81-4283389652C6}.Release|x86.Build.0 = Release|Win32
		{47F50FFB-E2E4-41B9-892C-D18BCA484831}.Debug|x64.ActiveCfg = Debug|x64
		{47F50FFB-E2E4-41B9-892C-D18BCA484831}.Debug|x64.Build.0 = Debug|x64
		{47F50FFB-E2E4-41B9-892C-D18BCA484831}.Debug|x86.ActiveCfg = Debug|Win32
		{47F50FFB-E2E4-41B9-892C-D18BCA484831}.Debug|x86.Build.0 = Debug|Win32
		{47F50FFB-E2E4-41B9-892C-D18BCA484831}.Release|x64.ActiveCfg = Release|x64
		{47F50FFB-E2E4-41B9-892C-D18BCA484831}.Release|x64.Build.0 = Release|x64
		{47F50FFB-E2E4-41B9-892C-D18BCA484831}.Release|x86.ActiveCfg = Release|Win32
		{47F50FFB-E2E4-41B9-892C-D18BCA484831}.Release|x86.Build.0 = Release|Win32
	EndGlobalSection
	GlobalSection(SolutionProperties) = preSolution
		HideSolutionNode = FALSE
	EndGlobalSection
	GlobalSection(ExtensibilityGlobals) = postSolution
		SolutionGuid = {A74FC9BA-18B0-4F22-A62F-11F3CB5722A1}
	EndGlobalSection
EndGlobal
